// !$*UTF8*$!
{
	archiveVersion = 1;
	classes = {
	};
	objectVersion = 50;
	objects = {

/* Begin PBXBuildFile section */
		517D63C72504571B00DC9B5E /* AppDelegate.swift in Sources */ = {isa = PBXBuildFile; fileRef = 517D63C62504571B00DC9B5E /* AppDelegate.swift */; };
		517D63C92504571B00DC9B5E /* ContentView.swift in Sources */ = {isa = PBXBuildFile; fileRef = 517D63C82504571B00DC9B5E /* ContentView.swift */; };
		517D63CC2504571B00DC9B5E /* Blare.xcdatamodeld in Sources */ = {isa = PBXBuildFile; fileRef = 517D63CA2504571B00DC9B5E /* Blare.xcdatamodeld */; };
		517D63CE2504571C00DC9B5E /* Assets.xcassets in Resources */ = {isa = PBXBuildFile; fileRef = 517D63CD2504571C00DC9B5E /* Assets.xcassets */; };
		517D63D12504571C00DC9B5E /* Preview Assets.xcassets in Resources */ = {isa = PBXBuildFile; fileRef = 517D63D02504571C00DC9B5E /* Preview Assets.xcassets */; };
		517D63D42504571C00DC9B5E /* Main.storyboard in Resources */ = {isa = PBXBuildFile; fileRef = 517D63D22504571C00DC9B5E /* Main.storyboard */; };
/* End PBXBuildFile section */

/* Begin PBXFileReference section */
		517D63C32504571B00DC9B5E /* Blare.app */ = {isa = PBXFileReference; explicitFileType = wrapper.application; includeInIndex = 0; path = Blare.app; sourceTree = BUILT_PRODUCTS_DIR; };
		517D63C62504571B00DC9B5E /* AppDelegate.swift */ = {isa = PBXFileReference; lastKnownFileType = sourcecode.swift; path = AppDelegate.swift; sourceTree = "<group>"; };
		517D63C82504571B00DC9B5E /* ContentView.swift */ = {isa = PBXFileReference; lastKnownFileType = sourcecode.swift; path = ContentView.swift; sourceTree = "<group>"; };
		517D63CB2504571B00DC9B5E /* Blare.xcdatamodel */ = {isa = PBXFileReference; lastKnownFileType = wrapper.xcdatamodel; path = Blare.xcdatamodel; sourceTree = "<group>"; };
		517D63CD2504571C00DC9B5E /* Assets.xcassets */ = {isa = PBXFileReference; lastKnownFileType = folder.assetcatalog; path = Assets.xcassets; sourceTree = "<group>"; };
		517D63D02504571C00DC9B5E /* Preview Assets.xcassets */ = {isa = PBXFileReference; lastKnownFileType = folder.assetcatalog; path = "Preview Assets.xcassets"; sourceTree = "<group>"; };
		517D63D32504571C00DC9B5E /* Base */ = {isa = PBXFileReference; lastKnownFileType = file.storyboard; name = Base; path = Base.lproj/Main.storyboard; sourceTree = "<group>"; };
		517D63D52504571C00DC9B5E /* Info.plist */ = {isa = PBXFileReference; lastKnownFileType = text.plist.xml; path = Info.plist; sourceTree = "<group>"; };
		517D63D62504571C00DC9B5E /* Blare.entitlements */ = {isa = PBXFileReference; lastKnownFileType = text.plist.entitlements; path = Blare.entitlements; sourceTree = "<group>"; };
/* End PBXFileReference section */

/* Begin PBXFrameworksBuildPhase section */
		517D63C02504571A00DC9B5E /* Frameworks */ = {
			isa = PBXFrameworksBuildPhase;
			buildActionMask = 2147483647;
			files = (
			);
			runOnlyForDeploymentPostprocessing = 0;
		};
/* End PBXFrameworksBuildPhase section */

/* Begin PBXGroup section */
		517D63BA2504571A00DC9B5E = {
			isa = PBXGroup;
			children = (
				517D63C52504571B00DC9B5E /* Blare */,
				517D63C42504571B00DC9B5E /* Products */,
			);
			sourceTree = "<group>";
		};
		517D63C42504571B00DC9B5E /* Products */ = {
			isa = PBXGroup;
			children = (
				517D63C32504571B00DC9B5E /* Blare.app */,
			);
			name = Products;
			sourceTree = "<group>";
		};
		517D63C52504571B00DC9B5E /* Blare */ = {
			isa = PBXGroup;
			children = (
				517D63C62504571B00DC9B5E /* AppDelegate.swift */,
				517D63C82504571B00DC9B5E /* ContentView.swift */,
				517D63CD2504571C00DC9B5E /* Assets.xcassets */,
				517D63D22504571C00DC9B5E /* Main.storyboard */,
				517D63D52504571C00DC9B5E /* Info.plist */,
				517D63D62504571C00DC9B5E /* Blare.entitlements */,
				517D63CA2504571B00DC9B5E /* Blare.xcdatamodeld */,
				517D63CF2504571C00DC9B5E /* Preview Content */,
			);
			path = Blare;
			sourceTree = "<group>";
		};
		517D63CF2504571C00DC9B5E /* Preview Content */ = {
			isa = PBXGroup;
			children = (
				517D63D02504571C00DC9B5E /* Preview Assets.xcassets */,
			);
			path = "Preview Content";
			sourceTree = "<group>";
		};
/* End PBXGroup section */

/* Begin PBXNativeTarget section */
		517D63C22504571A00DC9B5E /* Blare */ = {
			isa = PBXNativeTarget;
			buildConfigurationList = 517D63D92504571C00DC9B5E /* Build configuration list for PBXNativeTarget "Blare" */;
			buildPhases = (
				517D63BF2504571A00DC9B5E /* Sources */,
				517D63C02504571A00DC9B5E /* Frameworks */,
				517D63C12504571A00DC9B5E /* Resources */,
			);
			buildRules = (
			);
			dependencies = (
			);
			name = Blare;
			productName = Blare;
			productReference = 517D63C32504571B00DC9B5E /* Blare.app */;
			productType = "com.apple.product-type.application";
		};
/* End PBXNativeTarget section */

/* Begin PBXProject section */
		517D63BB2504571A00DC9B5E /* Project object */ = {
			isa = PBXProject;
			attributes = {
				LastSwiftUpdateCheck = 1130;
				LastUpgradeCheck = 1130;
				ORGANIZATIONNAME = "Michael Goodnow";
				TargetAttributes = {
					517D63C22504571A00DC9B5E = {
						CreatedOnToolsVersion = 11.3.1;
					};
				};
			};
			buildConfigurationList = 517D63BE2504571A00DC9B5E /* Build configuration list for PBXProject "Blare" */;
			compatibilityVersion = "Xcode 9.3";
			developmentRegion = en;
			hasScannedForEncodings = 0;
			knownRegions = (
				en,
				Base,
			);
			mainGroup = 517D63BA2504571A00DC9B5E;
			productRefGroup = 517D63C42504571B00DC9B5E /* Products */;
			projectDirPath = "";
			projectRoot = "";
			targets = (
				517D63C22504571A00DC9B5E /* Blare */,
			);
		};
/* End PBXProject section */

/* Begin PBXResourcesBuildPhase section */
		517D63C12504571A00DC9B5E /* Resources */ = {
			isa = PBXResourcesBuildPhase;
			buildActionMask = 2147483647;
			files = (
				517D63D42504571C00DC9B5E /* Main.storyboard in Resources */,
				517D63D12504571C00DC9B5E /* Preview Assets.xcassets in Resources */,
				517D63CE2504571C00DC9B5E /* Assets.xcassets in Resources */,
			);
			runOnlyForDeploymentPostprocessing = 0;
		};
/* End PBXResourcesBuildPhase section */

/* Begin PBXSourcesBuildPhase section */
		517D63BF2504571A00DC9B5E /* Sources */ = {
			isa = PBXSourcesBuildPhase;
			buildActionMask = 2147483647;
			files = (
				517D63CC2504571B00DC9B5E /* Blare.xcdatamodeld in Sources */,
				517D63C92504571B00DC9B5E /* ContentView.swift in Sources */,
				517D63C72504571B00DC9B5E /* AppDelegate.swift in Sources */,
			);
			runOnlyForDeploymentPostprocessing = 0;
		};
/* End PBXSourcesBuildPhase section */

/* Begin PBXVariantGroup section */
		517D63D22504571C00DC9B5E /* Main.storyboard */ = {
			isa = PBXVariantGroup;
			children = (
				517D63D32504571C00DC9B5E /* Base */,
			);
			name = Main.storyboard;
			sourceTree = "<group>";
		};
/* End PBXVariantGroup section */

/* Begin XCBuildConfiguration section */
		517D63D72504571C00DC9B5E /* Debug */ = {
			isa = XCBuildConfiguration;
			buildSettings = {
				ALWAYS_SEARCH_USER_PATHS = NO;
				CLANG_ANALYZER_NONNULL = YES;
				CLANG_ANALYZER_NUMBER_OBJECT_CONVERSION = YES_AGGRESSIVE;
				CLANG_CXX_LANGUAGE_STANDARD = "gnu++14";
				CLANG_CXX_LIBRARY = "libc++";
				CLANG_ENABLE_MODULES = YES;
				CLANG_ENABLE_OBJC_ARC = YES;
				CLANG_ENABLE_OBJC_WEAK = YES;
				CLANG_WARN_BLOCK_CAPTURE_AUTORELEASING = YES;
				CLANG_WARN_BOOL_CONVERSION = YES;
				CLANG_WARN_COMMA = YES;
				CLANG_WARN_CONSTANT_CONVERSION = YES;
				CLANG_WARN_DEPRECATED_OBJC_IMPLEMENTATIONS = YES;
				CLANG_WARN_DIRECT_OBJC_ISA_USAGE = YES_ERROR;
				CLANG_WARN_DOCUMENTATION_COMMENTS = YES;
				CLANG_WARN_EMPTY_BODY = YES;
				CLANG_WARN_ENUM_CONVERSION = YES;
				CLANG_WARN_INFINITE_RECURSION = YES;
				CLANG_WARN_INT_CONVERSION = YES;
				CLANG_WARN_NON_LITERAL_NULL_CONVERSION = YES;
				CLANG_WARN_OBJC_IMPLICIT_RETAIN_SELF = YES;
				CLANG_WARN_OBJC_LITERAL_CONVERSION = YES;
				CLANG_WARN_OBJC_ROOT_CLASS = YES_ERROR;
				CLANG_WARN_RANGE_LOOP_ANALYSIS = YES;
				CLANG_WARN_STRICT_PROTOTYPES = YES;
				CLANG_WARN_SUSPICIOUS_MOVE = YES;
				CLANG_WARN_UNGUARDED_AVAILABILITY = YES_AGGRESSIVE;
				CLANG_WARN_UNREACHABLE_CODE = YES;
				CLANG_WARN__DUPLICATE_METHOD_MATCH = YES;
				COPY_PHASE_STRIP = NO;
				DEBUG_INFORMATION_FORMAT = dwarf;
				ENABLE_STRICT_OBJC_MSGSEND = YES;
				ENABLE_TESTABILITY = YES;
				GCC_C_LANGUAGE_STANDARD = gnu11;
				GCC_DYNAMIC_NO_PIC = NO;
				GCC_NO_COMMON_BLOCKS = YES;
				GCC_OPTIMIZATION_LEVEL = 0;
				GCC_PREPROCESSOR_DEFINITIONS = (
					"DEBUG=1",
					"$(inherited)",
				);
				GCC_WARN_64_TO_32_BIT_CONVERSION = YES;
				GCC_WARN_ABOUT_RETURN_TYPE = YES_ERROR;
				GCC_WARN_UNDECLARED_SELECTOR = YES;
				GCC_WARN_UNINITIALIZED_AUTOS = YES_AGGRESSIVE;
				GCC_WARN_UNUSED_FUNCTION = YES;
				GCC_WARN_UNUSED_VARIABLE = YES;
				MACOSX_DEPLOYMENT_TARGET = 10.15;
				MTL_ENABLE_DEBUG_INFO = INCLUDE_SOURCE;
				MTL_FAST_MATH = YES;
				ONLY_ACTIVE_ARCH = YES;
				SDKROOT = macosx;
				SWIFT_ACTIVE_COMPILATION_CONDITIONS = DEBUG;
				SWIFT_OPTIMIZATION_LEVEL = "-Onone";
			};
			name = Debug;
		};
		517D63D82504571C00DC9B5E /* Release */ = {
			isa = XCBuildConfiguration;
			buildSettings = {
				ALWAYS_SEARCH_USER_PATHS = NO;
				CLANG_ANALYZER_NONNULL = YES;
				CLANG_ANALYZER_NUMBER_OBJECT_CONVERSION = YES_AGGRESSIVE;
				CLANG_CXX_LANGUAGE_STANDARD = "gnu++14";
				CLANG_CXX_LIBRARY = "libc++";
				CLANG_ENABLE_MODULES = YES;
				CLANG_ENABLE_OBJC_ARC = YES;
				CLANG_ENABLE_OBJC_WEAK = YES;
				CLANG_WARN_BLOCK_CAPTURE_AUTORELEASING = YES;
				CLANG_WARN_BOOL_CONVERSION = YES;
				CLANG_WARN_COMMA = YES;
				CLANG_WARN_CONSTANT_CONVERSION = YES;
				CLANG_WARN_DEPRECATED_OBJC_IMPLEMENTATIONS = YES;
				CLANG_WARN_DIRECT_OBJC_ISA_USAGE = YES_ERROR;
				CLANG_WARN_DOCUMENTATION_COMMENTS = YES;
				CLANG_WARN_EMPTY_BODY = YES;
				CLANG_WARN_ENUM_CONVERSION = YES;
				CLANG_WARN_INFINITE_RECURSION = YES;
				CLANG_WARN_INT_CONVERSION = YES;
				CLANG_WARN_NON_LITERAL_NULL_CONVERSION = YES;
				CLANG_WARN_OBJC_IMPLICIT_RETAIN_SELF = YES;
				CLANG_WARN_OBJC_LITERAL_CONVERSION = YES;
				CLANG_WARN_OBJC_ROOT_CLASS = YES_ERROR;
				CLANG_WARN_RANGE_LOOP_ANALYSIS = YES;
				CLANG_WARN_STRICT_PROTOTYPES = YES;
				CLANG_WARN_SUSPICIOUS_MOVE = YES;
				CLANG_WARN_UNGUARDED_AVAILABILITY = YES_AGGRESSIVE;
				CLANG_WARN_UNREACHABLE_CODE = YES;
				CLANG_WARN__DUPLICATE_METHOD_MATCH = YES;
				COPY_PHASE_STRIP = NO;
				DEBUG_INFORMATION_FORMAT = "dwarf-with-dsym";
				ENABLE_NS_ASSERTIONS = NO;
				ENABLE_STRICT_OBJC_MSGSEND = YES;
				GCC_C_LANGUAGE_STANDARD = gnu11;
				GCC_NO_COMMON_BLOCKS = YES;
				GCC_WARN_64_TO_32_BIT_CONVERSION = YES;
				GCC_WARN_ABOUT_RETURN_TYPE = YES_ERROR;
				GCC_WARN_UNDECLARED_SELECTOR = YES;
				GCC_WARN_UNINITIALIZED_AUTOS = YES_AGGRESSIVE;
				GCC_WARN_UNUSED_FUNCTION = YES;
				GCC_WARN_UNUSED_VARIABLE = YES;
				MACOSX_DEPLOYMENT_TARGET = 10.15;
				MTL_ENABLE_DEBUG_INFO = NO;
				MTL_FAST_MATH = YES;
				SDKROOT = macosx;
				SWIFT_COMPILATION_MODE = wholemodule;
				SWIFT_OPTIMIZATION_LEVEL = "-O";
			};
			name = Release;
		};
		517D63DA2504571C00DC9B5E /* Debug */ = {
			isa = XCBuildConfiguration;
			buildSettings = {
				ASSETCATALOG_COMPILER_APPICON_NAME = AppIcon;
				CODE_SIGN_ENTITLEMENTS = Blare/Blare.entitlements;
				CODE_SIGN_STYLE = Automatic;
				COMBINE_HIDPI_IMAGES = YES;
				DEVELOPMENT_ASSET_PATHS = "\"Blare/Preview Content\"";
				DEVELOPMENT_TEAM = AFD89X85F4;
				ENABLE_HARDENED_RUNTIME = YES;
				ENABLE_PREVIEWS = YES;
				INFOPLIST_FILE = Blare/Info.plist;
				LD_RUNPATH_SEARCH_PATHS = (
					"$(inherited)",
					"@executable_path/../Frameworks",
				);
				MACOSX_DEPLOYMENT_TARGET = 10.15;
				PRODUCT_BUNDLE_IDENTIFIER = mmgoodnow.Blare;
				PRODUCT_NAME = "$(TARGET_NAME)";
				SWIFT_VERSION = 5.0;
			};
			name = Debug;
		};
		517D63DB2504571C00DC9B5E /* Release */ = {
			isa = XCBuildConfiguration;
			buildSettings = {
				ASSETCATALOG_COMPILER_APPICON_NAME = AppIcon;
				CODE_SIGN_ENTITLEMENTS = Blare/Blare.entitlements;
				CODE_SIGN_STYLE = Automatic;
				COMBINE_HIDPI_IMAGES = YES;
				DEVELOPMENT_ASSET_PATHS = "\"Blare/Preview Content\"";
				DEVELOPMENT_TEAM = AFD89X85F4;
				ENABLE_HARDENED_RUNTIME = YES;
				ENABLE_PREVIEWS = YES;
				INFOPLIST_FILE = Blare/Info.plist;
				LD_RUNPATH_SEARCH_PATHS = (
					"$(inherited)",
					"@executable_path/../Frameworks",
				);
				MACOSX_DEPLOYMENT_TARGET = 10.15;
				PRODUCT_BUNDLE_IDENTIFIER = mmgoodnow.Blare;
				PRODUCT_NAME = "$(TARGET_NAME)";
				SWIFT_VERSION = 5.0;
			};
			name = Release;
		};
/* End XCBuildConfiguration section */

/* Begin XCConfigurationList section */
		517D63BE2504571A00DC9B5E /* Build configuration list for PBXProject "Blare" */ = {
			isa = XCConfigurationList;
			buildConfigurations = (
				517D63D72504571C00DC9B5E /* Debug */,
				517D63D82504571C00DC9B5E /* Release */,
			);
			defaultConfigurationIsVisible = 0;
			defaultConfigurationName = Release;
		};
		517D63D92504571C00DC9B5E /* Build configuration list for PBXNativeTarget "Blare" */ = {
			isa = XCConfigurationList;
			buildConfigurations = (
				517D63DA2504571C00DC9B5E /* Debug */,
				517D63DB2504571C00DC9B5E /* Release */,
			);
			defaultConfigurationIsVisible = 0;
			defaultConfigurationName = Release;
		};
/* End XCConfigurationList section */

/* Begin XCVersionGroup section */
		517D63CA2504571B00DC9B5E /* Blare.xcdatamodeld */ = {
			isa = XCVersionGroup;
			children = (
				517D63CB2504571B00DC9B5E /* Blare.xcdatamodel */,
			);
			currentVersion = 517D63CB2504571B00DC9B5E /* Blare.xcdatamodel */;
			path = Blare.xcdatamodeld;
			sourceTree = "<group>";
			versionGroupType = wrapper.xcdatamodel;
		};
/* End XCVersionGroup section */
	};
	rootObject = 517D63BB2504571A00DC9B5E /* Project object */;
}
